
Microsoft Visual Studio Solution File, Format Version 12.00
# Visual Studio Version 16
VisualStudioVersion = 16.0.810.8
MinimumVisualStudioVersion = 10.0.40219.1
Project("{FAE04EC0-301F-11D3-BF4B-00C04F79EFBC}") = "MasterCardAssignment", "MasterCardAssignment\MasterCardAssignment.csproj", "{9AD4AF02-2B72-43A4-889E-EF354A27E12C}"
EndProject
Project("{FAE04EC0-301F-11D3-BF4B-00C04F79EFBC}") = "MasterCardAssignmentTests", "MasterCardAssignmentTests\MasterCardAssignmentTests.csproj", "{0B7B497E-413F-466F-AF27-594434B6E861}"
EndProject
Global
	GlobalSection(SolutionConfigurationPlatforms) = preSolution
		Debug|Any CPU = Debug|Any CPU
		Release|Any CPU = Release|Any CPU
	EndGlobalSection
	GlobalSection(ProjectConfigurationPlatforms) = postSolution
		{9AD4AF02-2B72-43A4-889E-EF354A27E12C}.Debug|Any CPU.ActiveCfg = Debug|Any CPU
		{9AD4AF02-2B72-43A4-889E-EF354A27E12C}.Debug|Any CPU.Build.0 = Debug|Any CPU
		{9AD4AF02-2B72-43A4-889E-EF354A27E12C}.Release|Any CPU.ActiveCfg = Release|Any CPU
		{9AD4AF02-2B72-43A4-889E-EF354A27E12C}.Release|Any CPU.Build.0 = Release|Any CPU
		{0B7B497E-413F-466F-AF27-594434B6E861}.Debug|Any CPU.ActiveCfg = Debug|Any CPU
		{0B7B497E-413F-466F-AF27-594434B6E861}.Debug|Any CPU.Build.0 = Debug|Any CPU
		{0B7B497E-413F-466F-AF27-594434B6E861}.Release|Any CPU.ActiveCfg = Release|Any CPU
		{0B7B497E-413F-466F-AF27-594434B6E861}.Release|Any CPU.Build.0 = Release|Any CPU
	EndGlobalSection
	GlobalSection(SolutionProperties) = preSolution
		HideSolutionNode = FALSE
	EndGlobalSection
	GlobalSection(ExtensibilityGlobals) = postSolution
		SolutionGuid = {C90EFA51-DE5F-49C0-867A-A34B46C60AF0}
	EndGlobalSection
EndGlobal
