
Microsoft Visual Studio Solution File, Format Version 12.00
# Visual Studio Version 16
VisualStudioVersion = 16.0.810.8
MinimumVisualStudioVersion = 10.0.40219.1
Project("{FAE04EC0-301F-11D3-BF4B-00C04F79EFBC}") = "MySampleSolutionTests", "MySampleSolutionTests\MySampleSolutionTests.csproj", "{98373180-FA25-4D78-B8CB-BCF9130BE22F}"
EndProject
Project("{FAE04EC0-301F-11D3-BF4B-00C04F79EFBC}") = "MySampleSolution", "MySampleSolution\MySampleSolution.csproj", "{DFD5D115-6188-4E12-8665-F4F8FFE9F182}"
EndProject
Global
	GlobalSection(SolutionConfigurationPlatforms) = preSolution
		Debug|Any CPU = Debug|Any CPU
		Release|Any CPU = Release|Any CPU
	EndGlobalSection
	GlobalSection(ProjectConfigurationPlatforms) = postSolution
		{98373180-FA25-4D78-B8CB-BCF9130BE22F}.Debug|Any CPU.ActiveCfg = Debug|Any CPU
		{98373180-FA25-4D78-B8CB-BCF9130BE22F}.Debug|Any CPU.Build.0 = Debug|Any CPU
		{98373180-FA25-4D78-B8CB-BCF9130BE22F}.Release|Any CPU.ActiveCfg = Release|Any CPU
		{98373180-FA25-4D78-B8CB-BCF9130BE22F}.Release|Any CPU.Build.0 = Release|Any CPU
		{DFD5D115-6188-4E12-8665-F4F8FFE9F182}.Debug|Any CPU.ActiveCfg = Debug|Any CPU
		{DFD5D115-6188-4E12-8665-F4F8FFE9F182}.Debug|Any CPU.Build.0 = Debug|Any CPU
		{DFD5D115-6188-4E12-8665-F4F8FFE9F182}.Release|Any CPU.ActiveCfg = Release|Any CPU
		{DFD5D115-6188-4E12-8665-F4F8FFE9F182}.Release|Any CPU.Build.0 = Release|Any CPU
	EndGlobalSection
	GlobalSection(SolutionProperties) = preSolution
		HideSolutionNode = FALSE
	EndGlobalSection
	GlobalSection(ExtensibilityGlobals) = postSolution
		SolutionGuid = {C90EFA51-DE5F-49C0-867A-A34B46C60AF0}
	EndGlobalSection
EndGlobal
